
Microsoft Visual Studio Solution File, Format Version 12.00
# Visual Studio 2013
VisualStudioVersion = 12.0.30723.0
MinimumVisualStudioVersion = 10.0.40219.1
Project("{FAE04EC0-301F-11D3-BF4B-00C04F79EFBC}") = "Templify.NancyAspNetRazor.Web", "Templify.NancyAspNetRazor.Web\Templify.NancyAspNetRazor.Web.csproj", "{3188915F-5850-497D-8639-9E653691C667}"
EndProject
Project("{FAE04EC0-301F-11D3-BF4B-00C04F79EFBC}") = "Templify.NancyAspNetRazor.Data", "Templify.NancyAspNetRazor.Data\Templify.NancyAspNetRazor.Data.csproj", "{0B2F2115-F1B0-4221-B901-F98BE55AD781}"
EndProject
Global
	GlobalSection(SolutionConfigurationPlatforms) = preSolution
		Debug|Any CPU = Debug|Any CPU
		Release|Any CPU = Release|Any CPU
	EndGlobalSection
	GlobalSection(ProjectConfigurationPlatforms) = postSolution
		{3188915F-5850-497D-8639-9E653691C667}.Debug|Any CPU.ActiveCfg = Debug|Any CPU
		{3188915F-5850-497D-8639-9E653691C667}.Debug|Any CPU.Build.0 = Debug|Any CPU
		{3188915F-5850-497D-8639-9E653691C667}.Release|Any CPU.ActiveCfg = Release|Any CPU
		{3188915F-5850-497D-8639-9E653691C667}.Release|Any CPU.Build.0 = Release|Any CPU
		{0B2F2115-F1B0-4221-B901-F98BE55AD781}.Debug|Any CPU.ActiveCfg = Debug|Any CPU
		{0B2F2115-F1B0-4221-B901-F98BE55AD781}.Debug|Any CPU.Build.0 = Debug|Any CPU
		{0B2F2115-F1B0-4221-B901-F98BE55AD781}.Release|Any CPU.ActiveCfg = Release|Any CPU
		{0B2F2115-F1B0-4221-B901-F98BE55AD781}.Release|Any CPU.Build.0 = Release|Any CPU
	EndGlobalSection
	GlobalSection(SolutionProperties) = preSolution
		HideSolutionNode = FALSE
	EndGlobalSection
EndGlobal
